
Microsoft Visual Studio Solution File, Format Version 12.00
# Visual Studio 15
VisualStudioVersion = 15.0.26430.15
MinimumVisualStudioVersion = 10.0.40219.1
Project("{2150E333-8FDC-42A3-9474-1A3956D46DE8}") = "02 Service", "02 Service", "{7EFD92EB-5286-42CD-9372-FC107F231390}"
EndProject
Project("{2150E333-8FDC-42A3-9474-1A3956D46DE8}") = "03 Domain", "03 Domain", "{286ED45C-2570-419B-934D-8CB86BE0AA29}"
EndProject
Project("{2150E333-8FDC-42A3-9474-1A3956D46DE8}") = "04 Data", "04 Data", "{3C79C0C0-3E4F-426E-93F7-13CEA33983F4}"
EndProject
Project("{2150E333-8FDC-42A3-9474-1A3956D46DE8}") = "05 Common", "05 Common", "{7B3215C9-E599-4225-A5A1-72CF5FBEFC59}"
EndProject
Project("{FAE04EC0-301F-11D3-BF4B-00C04F79EFBC}") = "OrgMan.Data", "OrgMan.Data\OrgMan.Data.csproj", "{3AB5E7E2-0D2A-47DA-8004-05F0C37FE7A2}"
EndProject
Project("{FAE04EC0-301F-11D3-BF4B-00C04F79EFBC}") = "OrgMan.DataModel", "OrgMan.DataModel\OrgMan.DataModel.csproj", "{2D742792-2D0E-4847-9E79-ED4E4AF423F2}"
EndProject
Project("{FAE04EC0-301F-11D3-BF4B-00C04F79EFBC}") = "OrgMan.Domain", "OrgMan.Domain\OrgMan.Domain.csproj", "{C02E4D8A-13DC-46AF-AB24-DA2BAD17F6CB}"
EndProject
Project("{FAE04EC0-301F-11D3-BF4B-00C04F79EFBC}") = "OrgMan.DomainContracts", "OrgMan.DomainContracts\OrgMan.DomainContracts.csproj", "{4FBAB203-2C71-4C05-8FA0-38DD921C53F8}"
EndProject
Project("{FAE04EC0-301F-11D3-BF4B-00C04F79EFBC}") = "OrgMan.DomainObjects", "OrgMan.DomainObjects\OrgMan.DomainObjects.csproj", "{41E7CB85-5DC3-45B7-92D0-499EB7304D71}"
EndProject
Project("{FAE04EC0-301F-11D3-BF4B-00C04F79EFBC}") = "OrgMan.Common", "OrgMan.Common\OrgMan.Common.csproj", "{24804630-41C1-4A6F-BCD7-C2D6B987E605}"
EndProject
Project("{FAE04EC0-301F-11D3-BF4B-00C04F79EFBC}") = "OrgMan.Dependencies", "OrgMan.Dependencies\OrgMan.Dependencies.csproj", "{1A840F73-0560-4E39-8121-74963E5E9AC6}"
EndProject
Project("{FAE04EC0-301F-11D3-BF4B-00C04F79EFBC}") = "OrgMan.Mappings", "OrgMan.Mappings\OrgMan.Mappings.csproj", "{C248D257-0292-4780-9356-E2587D8320E5}"
EndProject
Project("{FAE04EC0-301F-11D3-BF4B-00C04F79EFBC}") = "OrgMan.API", "OrgMan.API\OrgMan.API.csproj", "{39A1EF96-ACC6-4784-8005-A36EB35D0C4B}"
EndProject
Project("{FAE04EC0-301F-11D3-BF4B-00C04F79EFBC}") = "OrgMan.DataContracts", "OrgMan.DataContracts\OrgMan.DataContracts.csproj", "{C9B399F6-5F50-4FD2-BB44-8A06DD39EA82}"
EndProject
Global
	GlobalSection(SolutionConfigurationPlatforms) = preSolution
		Debug|Any CPU = Debug|Any CPU
		Release|Any CPU = Release|Any CPU
	EndGlobalSection
	GlobalSection(ProjectConfigurationPlatforms) = postSolution
		{3AB5E7E2-0D2A-47DA-8004-05F0C37FE7A2}.Debug|Any CPU.ActiveCfg = Debug|Any CPU
		{3AB5E7E2-0D2A-47DA-8004-05F0C37FE7A2}.Debug|Any CPU.Build.0 = Debug|Any CPU
		{3AB5E7E2-0D2A-47DA-8004-05F0C37FE7A2}.Release|Any CPU.ActiveCfg = Release|Any CPU
		{3AB5E7E2-0D2A-47DA-8004-05F0C37FE7A2}.Release|Any CPU.Build.0 = Release|Any CPU
		{2D742792-2D0E-4847-9E79-ED4E4AF423F2}.Debug|Any CPU.ActiveCfg = Debug|Any CPU
		{2D742792-2D0E-4847-9E79-ED4E4AF423F2}.Debug|Any CPU.Build.0 = Debug|Any CPU
		{2D742792-2D0E-4847-9E79-ED4E4AF423F2}.Release|Any CPU.ActiveCfg = Release|Any CPU
		{2D742792-2D0E-4847-9E79-ED4E4AF423F2}.Release|Any CPU.Build.0 = Release|Any CPU
		{C02E4D8A-13DC-46AF-AB24-DA2BAD17F6CB}.Debug|Any CPU.ActiveCfg = Debug|Any CPU
		{C02E4D8A-13DC-46AF-AB24-DA2BAD17F6CB}.Debug|Any CPU.Build.0 = Debug|Any CPU
		{C02E4D8A-13DC-46AF-AB24-DA2BAD17F6CB}.Release|Any CPU.ActiveCfg = Release|Any CPU
		{C02E4D8A-13DC-46AF-AB24-DA2BAD17F6CB}.Release|Any CPU.Build.0 = Release|Any CPU
		{4FBAB203-2C71-4C05-8FA0-38DD921C53F8}.Debug|Any CPU.ActiveCfg = Debug|Any CPU
		{4FBAB203-2C71-4C05-8FA0-38DD921C53F8}.Debug|Any CPU.Build.0 = Debug|Any CPU
		{4FBAB203-2C71-4C05-8FA0-38DD921C53F8}.Release|Any CPU.ActiveCfg = Release|Any CPU
		{4FBAB203-2C71-4C05-8FA0-38DD921C53F8}.Release|Any CPU.Build.0 = Release|Any CPU
		{41E7CB85-5DC3-45B7-92D0-499EB7304D71}.Debug|Any CPU.ActiveCfg = Debug|Any CPU
		{41E7CB85-5DC3-45B7-92D0-499EB7304D71}.Debug|Any CPU.Build.0 = Debug|Any CPU
		{41E7CB85-5DC3-45B7-92D0-499EB7304D71}.Release|Any CPU.ActiveCfg = Release|Any CPU
		{41E7CB85-5DC3-45B7-92D0-499EB7304D71}.Release|Any CPU.Build.0 = Release|Any CPU
		{24804630-41C1-4A6F-BCD7-C2D6B987E605}.Debug|Any CPU.ActiveCfg = Debug|Any CPU
		{24804630-41C1-4A6F-BCD7-C2D6B987E605}.Debug|Any CPU.Build.0 = Debug|Any CPU
		{24804630-41C1-4A6F-BCD7-C2D6B987E605}.Release|Any CPU.ActiveCfg = Release|Any CPU
		{24804630-41C1-4A6F-BCD7-C2D6B987E605}.Release|Any CPU.Build.0 = Release|Any CPU
		{1A840F73-0560-4E39-8121-74963E5E9AC6}.Debug|Any CPU.ActiveCfg = Debug|Any CPU
		{1A840F73-0560-4E39-8121-74963E5E9AC6}.Debug|Any CPU.Build.0 = Debug|Any CPU
		{1A840F73-0560-4E39-8121-74963E5E9AC6}.Release|Any CPU.ActiveCfg = Release|Any CPU
		{1A840F73-0560-4E39-8121-74963E5E9AC6}.Release|Any CPU.Build.0 = Release|Any CPU
		{C248D257-0292-4780-9356-E2587D8320E5}.Debug|Any CPU.ActiveCfg = Debug|Any CPU
		{C248D257-0292-4780-9356-E2587D8320E5}.Debug|Any CPU.Build.0 = Debug|Any CPU
		{C248D257-0292-4780-9356-E2587D8320E5}.Release|Any CPU.ActiveCfg = Release|Any CPU
		{C248D257-0292-4780-9356-E2587D8320E5}.Release|Any CPU.Build.0 = Release|Any CPU
		{39A1EF96-ACC6-4784-8005-A36EB35D0C4B}.Debug|Any CPU.ActiveCfg = Debug|Any CPU
		{39A1EF96-ACC6-4784-8005-A36EB35D0C4B}.Debug|Any CPU.Build.0 = Debug|Any CPU
		{39A1EF96-ACC6-4784-8005-A36EB35D0C4B}.Release|Any CPU.ActiveCfg = Release|Any CPU
		{39A1EF96-ACC6-4784-8005-A36EB35D0C4B}.Release|Any CPU.Build.0 = Release|Any CPU
		{C9B399F6-5F50-4FD2-BB44-8A06DD39EA82}.Debug|Any CPU.ActiveCfg = Debug|Any CPU
		{C9B399F6-5F50-4FD2-BB44-8A06DD39EA82}.Debug|Any CPU.Build.0 = Debug|Any CPU
		{C9B399F6-5F50-4FD2-BB44-8A06DD39EA82}.Release|Any CPU.ActiveCfg = Release|Any CPU
		{C9B399F6-5F50-4FD2-BB44-8A06DD39EA82}.Release|Any CPU.Build.0 = Release|Any CPU
	EndGlobalSection
	GlobalSection(SolutionProperties) = preSolution
		HideSolutionNode = FALSE
	EndGlobalSection
	GlobalSection(NestedProjects) = preSolution
		{3AB5E7E2-0D2A-47DA-8004-05F0C37FE7A2} = {3C79C0C0-3E4F-426E-93F7-13CEA33983F4}
		{2D742792-2D0E-4847-9E79-ED4E4AF423F2} = {3C79C0C0-3E4F-426E-93F7-13CEA33983F4}
		{C02E4D8A-13DC-46AF-AB24-DA2BAD17F6CB} = {286ED45C-2570-419B-934D-8CB86BE0AA29}
		{4FBAB203-2C71-4C05-8FA0-38DD921C53F8} = {286ED45C-2570-419B-934D-8CB86BE0AA29}
		{41E7CB85-5DC3-45B7-92D0-499EB7304D71} = {286ED45C-2570-419B-934D-8CB86BE0AA29}
		{24804630-41C1-4A6F-BCD7-C2D6B987E605} = {7B3215C9-E599-4225-A5A1-72CF5FBEFC59}
		{1A840F73-0560-4E39-8121-74963E5E9AC6} = {7B3215C9-E599-4225-A5A1-72CF5FBEFC59}
		{C248D257-0292-4780-9356-E2587D8320E5} = {7B3215C9-E599-4225-A5A1-72CF5FBEFC59}
		{39A1EF96-ACC6-4784-8005-A36EB35D0C4B} = {7EFD92EB-5286-42CD-9372-FC107F231390}
		{C9B399F6-5F50-4FD2-BB44-8A06DD39EA82} = {3C79C0C0-3E4F-426E-93F7-13CEA33983F4}
	EndGlobalSection
	GlobalSection(ExtensibilityGlobals) = postSolution
		EnterpriseLibraryConfigurationToolBinariesPath = packages\Unity.2.1.505.2\lib\NET35
	EndGlobalSection
EndGlobal
